
Microsoft Visual Studio Solution File, Format Version 12.00
# Visual Studio 15
VisualStudioVersion = 15.0.27703.2035
MinimumVisualStudioVersion = 10.0.40219.1
Project("{FAE04EC0-301F-11D3-BF4B-00C04F79EFBC}") = "personelKayit(dosyaOkuma)", "personelKayit(dosyaOkuma)\personelKayit(dosyaOkuma).csproj", "{04BFBABF-B0C7-4358-B0F2-897B63257172}"
EndProject
Global
	GlobalSection(SolutionConfigurationPlatforms) = preSolution
		Debug|Any CPU = Debug|Any CPU
		Release|Any CPU = Release|Any CPU
	EndGlobalSection
	GlobalSection(ProjectConfigurationPlatforms) = postSolution
		{04BFBABF-B0C7-4358-B0F2-897B63257172}.Debug|Any CPU.ActiveCfg = Debug|Any CPU
		{04BFBABF-B0C7-4358-B0F2-897B63257172}.Debug|Any CPU.Build.0 = Debug|Any CPU
		{04BFBABF-B0C7-4358-B0F2-897B63257172}.Release|Any CPU.ActiveCfg = Release|Any CPU
		{04BFBABF-B0C7-4358-B0F2-897B63257172}.Release|Any CPU.Build.0 = Release|Any CPU
	EndGlobalSection
	GlobalSection(SolutionProperties) = preSolution
		HideSolutionNode = FALSE
	EndGlobalSection
	GlobalSection(ExtensibilityGlobals) = postSolution
		SolutionGuid = {3C9F5872-98C8-4DA0-ADBA-9E6B10E6E067}
	EndGlobalSection
EndGlobal
